
Microsoft Visual Studio Solution File, Format Version 12.00
# Visual Studio Version 17
VisualStudioVersion = 17.13.35931.197 d17.13
MinimumVisualStudioVersion = 10.0.40219.1
Project("{FAE04EC0-301F-11D3-BF4B-00C04F79EFBC}") = "ClipboardNavigator.WebApi", "ClipboardNavigator.WebApi.csproj", "{D117E498-3154-4681-BBC4-09BBF701DB28}"
EndProject
Project("{FAE04EC0-301F-11D3-BF4B-00C04F79EFBC}") = "AuthorizeFunctionApp", "..\AuthorizeFunctionApp\AuthorizeFunctionApp.csproj", "{9E7AF8DA-F3DE-488E-B91F-7651ADC70754}"
EndProject
Global
	GlobalSection(SolutionConfigurationPlatforms) = preSolution
		Debug|Any CPU = Debug|Any CPU
		Release|Any CPU = Release|Any CPU
	EndGlobalSection
	GlobalSection(ProjectConfigurationPlatforms) = postSolution
		{D117E498-3154-4681-BBC4-09BBF701DB28}.Debug|Any CPU.ActiveCfg = Debug|Any CPU
		{D117E498-3154-4681-BBC4-09BBF701DB28}.Debug|Any CPU.Build.0 = Debug|Any CPU
		{D117E498-3154-4681-BBC4-09BBF701DB28}.Release|Any CPU.ActiveCfg = Release|Any CPU
		{D117E498-3154-4681-BBC4-09BBF701DB28}.Release|Any CPU.Build.0 = Release|Any CPU
		{9E7AF8DA-F3DE-488E-B91F-7651ADC70754}.Debug|Any CPU.ActiveCfg = Debug|Any CPU
		{9E7AF8DA-F3DE-488E-B91F-7651ADC70754}.Debug|Any CPU.Build.0 = Debug|Any CPU
		{9E7AF8DA-F3DE-488E-B91F-7651ADC70754}.Release|Any CPU.ActiveCfg = Release|Any CPU
		{9E7AF8DA-F3DE-488E-B91F-7651ADC70754}.Release|Any CPU.Build.0 = Release|Any CPU
	EndGlobalSection
	GlobalSection(SolutionProperties) = preSolution
		HideSolutionNode = FALSE
	EndGlobalSection
	GlobalSection(ExtensibilityGlobals) = postSolution
		SolutionGuid = {271EA72D-CA6F-4916-90C0-FC4135BB0106}
	EndGlobalSection
EndGlobal
